
Microsoft Visual Studio Solution File, Format Version 12.00
# Visual Studio Version 17
VisualStudioVersion = 17.11.35222.181
MinimumVisualStudioVersion = 10.0.40219.1
Project("{9A19103F-16F7-4668-BE54-9A1E7A4F7556}") = "MoviesTicket.Application", "MoviesTicket.Application\MoviesTicket.Application.csproj", "{604B515A-8274-4D5D-90BA-F11C5C64D7DE}"
EndProject
Project("{9A19103F-16F7-4668-BE54-9A1E7A4F7556}") = "MoviesTicket.Domain", "MoviesTicket.Domain\MoviesTicket.Domain.csproj", "{5B64BF27-7445-46AE-BDA5-D51635291E23}"
EndProject
Project("{9A19103F-16F7-4668-BE54-9A1E7A4F7556}") = "MoviesTicket.Infrastructure", "MoviesTicket.Infrastructure\MoviesTicket.Infrastructure.csproj", "{09945061-DCD1-4F4B-870F-F59E04DB75D3}"
EndProject
Project("{9A19103F-16F7-4668-BE54-9A1E7A4F7556}") = "MoviesTicket.Shared", "MoviesTicket.Shared\MoviesTicket.Shared.csproj", "{1CD25DFD-2A69-4D41-8745-3A8EF05681B2}"
EndProject
Project("{9A19103F-16F7-4668-BE54-9A1E7A4F7556}") = "MoviesTicket.API", "MoviesTicket.API\MoviesTicket.API.csproj", "{5E5C2C70-E11F-4107-87E9-C523A930B2BF}"
EndProject
Project("{2150E333-8FDC-42A3-9474-1A3956D46DE8}") = "Solution Items", "Solution Items", "{FBB0B4F9-927A-4989-8E0B-4D2FAAD2CDF4}"
	ProjectSection(SolutionItems) = preProject
		.gitignore = .gitignore
	EndProjectSection
EndProject
Project("{9A19103F-16F7-4668-BE54-9A1E7A4F7556}") = "MoviesTicket.Domain.Test", "MoviesTicket.Domain.Test\MoviesTicket.Domain.Test.csproj", "{EC8D8A9D-B6E7-4D37-9FD6-979D88D56013}"
EndProject
Project("{2150E333-8FDC-42A3-9474-1A3956D46DE8}") = "Test", "Test", "{3DD23239-DD8C-4359-A808-D7F8515C0E04}"
EndProject
Global
	GlobalSection(SolutionConfigurationPlatforms) = preSolution
		Debug|Any CPU = Debug|Any CPU
		Release|Any CPU = Release|Any CPU
	EndGlobalSection
	GlobalSection(ProjectConfigurationPlatforms) = postSolution
		{604B515A-8274-4D5D-90BA-F11C5C64D7DE}.Debug|Any CPU.ActiveCfg = Debug|Any CPU
		{604B515A-8274-4D5D-90BA-F11C5C64D7DE}.Debug|Any CPU.Build.0 = Debug|Any CPU
		{604B515A-8274-4D5D-90BA-F11C5C64D7DE}.Release|Any CPU.ActiveCfg = Release|Any CPU
		{604B515A-8274-4D5D-90BA-F11C5C64D7DE}.Release|Any CPU.Build.0 = Release|Any CPU
		{5B64BF27-7445-46AE-BDA5-D51635291E23}.Debug|Any CPU.ActiveCfg = Debug|Any CPU
		{5B64BF27-7445-46AE-BDA5-D51635291E23}.Debug|Any CPU.Build.0 = Debug|Any CPU
		{5B64BF27-7445-46AE-BDA5-D51635291E23}.Release|Any CPU.ActiveCfg = Release|Any CPU
		{5B64BF27-7445-46AE-BDA5-D51635291E23}.Release|Any CPU.Build.0 = Release|Any CPU
		{09945061-DCD1-4F4B-870F-F59E04DB75D3}.Debug|Any CPU.ActiveCfg = Debug|Any CPU
		{09945061-DCD1-4F4B-870F-F59E04DB75D3}.Debug|Any CPU.Build.0 = Debug|Any CPU
		{09945061-DCD1-4F4B-870F-F59E04DB75D3}.Release|Any CPU.ActiveCfg = Release|Any CPU
		{09945061-DCD1-4F4B-870F-F59E04DB75D3}.Release|Any CPU.Build.0 = Release|Any CPU
		{1CD25DFD-2A69-4D41-8745-3A8EF05681B2}.Debug|Any CPU.ActiveCfg = Debug|Any CPU
		{1CD25DFD-2A69-4D41-8745-3A8EF05681B2}.Debug|Any CPU.Build.0 = Debug|Any CPU
		{1CD25DFD-2A69-4D41-8745-3A8EF05681B2}.Release|Any CPU.ActiveCfg = Release|Any CPU
		{1CD25DFD-2A69-4D41-8745-3A8EF05681B2}.Release|Any CPU.Build.0 = Release|Any CPU
		{5E5C2C70-E11F-4107-87E9-C523A930B2BF}.Debug|Any CPU.ActiveCfg = Debug|Any CPU
		{5E5C2C70-E11F-4107-87E9-C523A930B2BF}.Debug|Any CPU.Build.0 = Debug|Any CPU
		{5E5C2C70-E11F-4107-87E9-C523A930B2BF}.Release|Any CPU.ActiveCfg = Release|Any CPU
		{5E5C2C70-E11F-4107-87E9-C523A930B2BF}.Release|Any CPU.Build.0 = Release|Any CPU
		{EC8D8A9D-B6E7-4D37-9FD6-979D88D56013}.Debug|Any CPU.ActiveCfg = Debug|Any CPU
		{EC8D8A9D-B6E7-4D37-9FD6-979D88D56013}.Debug|Any CPU.Build.0 = Debug|Any CPU
		{EC8D8A9D-B6E7-4D37-9FD6-979D88D56013}.Release|Any CPU.ActiveCfg = Release|Any CPU
		{EC8D8A9D-B6E7-4D37-9FD6-979D88D56013}.Release|Any CPU.Build.0 = Release|Any CPU
	EndGlobalSection
	GlobalSection(SolutionProperties) = preSolution
		HideSolutionNode = FALSE
	EndGlobalSection
	GlobalSection(NestedProjects) = preSolution
		{EC8D8A9D-B6E7-4D37-9FD6-979D88D56013} = {3DD23239-DD8C-4359-A808-D7F8515C0E04}
	EndGlobalSection
	GlobalSection(ExtensibilityGlobals) = postSolution
		SolutionGuid = {C08F0250-C40E-487F-AEC0-CA7F5BE25A38}
	EndGlobalSection
EndGlobal
